
Microsoft Visual Studio Solution File, Format Version 12.00
Project("{FAE04EC0-301F-11D3-BF4B-00C04F79EFBC}") = "WorkManagement", "WorkManagement.csproj", "{DD1B8117-43A3-4860-BBC6-331BA7D7806D}"
EndProject
Global
	GlobalSection(SolutionConfigurationPlatforms) = preSolution
		Debug|Any CPU = Debug|Any CPU
		Release|Any CPU = Release|Any CPU
	EndGlobalSection
	GlobalSection(ProjectConfigurationPlatforms) = postSolution
		{DD1B8117-43A3-4860-BBC6-331BA7D7806D}.Debug|Any CPU.ActiveCfg = Debug|Any CPU
		{DD1B8117-43A3-4860-BBC6-331BA7D7806D}.Debug|Any CPU.Build.0 = Debug|Any CPU
		{DD1B8117-43A3-4860-BBC6-331BA7D7806D}.Release|Any CPU.ActiveCfg = Release|Any CPU
		{DD1B8117-43A3-4860-BBC6-331BA7D7806D}.Release|Any CPU.Build.0 = Release|Any CPU
	EndGlobalSection
EndGlobal
